github.com/SWITCHSCIENCE/ffb_steering_controller v0.0.0-20240906044605-97e9d9afc30d h1:UKCFo6eqt6A2nzo3vbpgVR485XFW7sa2AbSGNj2nr0s=
github.com/SWITCHSCIENCE/ffb_steering_controller v0.0.0-20240906044605-97e9d9afc30d/go.mod h1:2zBr/+/CBsq3AqHhLkmF/LlVCJSu0Y8vtiaf+UfKnw4=
github.com/SWITCHSCIENCE/ffb_steering_controller v0.0.0-20251113163013-f88ccdc78301 h1:lrrA7w3jEVKst/AXIUfgTJUSISjSkx6xUVjfFZju0UU=
github.com/SWITCHSCIENCE/ffb_steering_controller v0.0.0-20251113163013-f88ccdc78301/go.mod h1:2zBr/+/CBsq3AqHhLkmF/LlVCJSu0Y8vtiaf+UfKnw4=
github.com/SWITCHSCIENCE/ffb_steering_controller v0.0.0-20251113230552-5ac7980582db h1:L6ao79eWLj1z9kib+Oi2PucGOlA4dXdX+3y39gBQIs4=
github.com/SWITCHSCIENCE/ffb_steering_controller v0.0.0-20251113230552-5ac7980582db/go.mod h1:2zBr/+/CBsq3AqHhLkmF/LlVCJSu0Y8vtiaf+UfKnw4=
github.com/SWITCHSCIENCE/ffb_steering_controller v0.0.0-20251113231309-7de01605bc1a h1:qBg+5Tc0tidLurhKO6fvVUfcVHD4APSDarB2XlKSHJ4=
github.com/SWITCHSCIENCE/ffb_steering_controller v0.0.0-20251113231309-7de01605bc1a/go.mod h1:2zBr/+/CBsq3AqHhLkmF/LlVCJSu0Y8vtiaf+UfKnw4=
github.com/SWITCHSCIENCE/ffb_steering_controller v0.0.0-20251113231714-0c69f0c6c20b h1:cWA+sXIYEZtAygrvGWmOw/ziryLvlWZlhOudhcXHin4=
github.com/SWITCHSCIENCE/ffb_steering_controller v0.0.0-20251113231714-0c69f0c6c20b/go.mod h1:2zBr/+/CBsq3AqHhLkmF/LlVCJSu0Y8vtiaf+UfKnw4=
github.com/SWITCHSCIENCE/ffb_steering_controller v0.0.0-20251113231923-2c5cae4c94f8 h1:bPwuXC4ipCPX0wKb+4ZwD7vHK7ima02ry5Wt++YpWYo=
github.com/SWITCHSCIENCE/ffb_steering_controller v0.0.0-20251113231923-2c5cae4c94f8/go.mod h1:2zBr/+/CBsq3AqHhLkmF/LlVCJSu0Y8vtiaf+UfKnw4=
github.com/SWITCHSCIENCE/ffb_steering_controller v0.0.0-20251113232727-b0a8b8561fab h1:8q/OJAjJlG/FX2Q+d9+v24HHiE6+dnr+zwqeKGvwIGk=
github.com/SWITCHSCIENCE/ffb_steering_controller v0.0.0-20251113232727-b0a8b8561fab/go.mod h1:2zBr/+/CBsq3AqHhLkmF/LlVCJSu0Y8vtiaf+UfKnw4=
github.com/SWITCHSCIENCE/ffb_steering_controller v0.0.0-20251114105307-0bd08ada2c38 h1:fpFoobTyk+ruJsLo+Y26n4eFnNVgQpzI4ZEqtwkruPk=
github.com/SWITCHSCIENCE/ffb_steering_controller v0.0.0-20251114105307-0bd08ada2c38/go.mod h1:2zBr/+/CBsq3AqHhLkmF/LlVCJSu0Y8vtiaf+UfKnw4=
github.com/SWITCHSCIENCE/ffb_steering_controller v0.0.0-20251114113520-9eeb6ef4903c h1:Gd06/cWjNSVL941M0Z272ozB4p6kFbuJ1nDLP5yeBto=
github.com/SWITCHSCIENCE/ffb_steering_controller v0.0.0-20251114113520-9eeb6ef4903c/go.mod h1:2zBr/+/CBsq3AqHhLkmF/LlVCJSu0Y8vtiaf+UfKnw4=
github.com/SWITCHSCIENCE/ffb_steering_controller v0.0.0-20251114114750-18a9768f1b69 h1:lZPRiTyZEhFd/EtAOKxGOrNxhij8lb0xgwfQJap308g=
github.com/SWITCHSCIENCE/ffb_steering_controller v0.0.0-20251114114750-18a9768f1b69/go.mod h1:2zBr/+/CBsq3AqHhLkmF/LlVCJSu0Y8vtiaf+UfKnw4=
github.com/SWITCHSCIENCE/ffb_steering_controller v0.0.0-20251126114851-505fb5f12862 h1:2x9UPS+3X13LapNCEIQm6yq+KHzlRYl5HNK9pz3nNeA=
github.com/SWITCHSCIENCE/ffb_steering_controller v0.0.0-20251126114851-505fb5f12862/go.mod h1:2zBr/+/CBsq3AqHhLkmF/LlVCJSu0Y8vtiaf+UfKnw4=
github.com/google/shlex v0.0.0-20191202100458-e7afc7fbc510 h1:El6M4kTTCOh6aBiKaUGG7oYTSPP8MxqL4YI3kZKwcP4=
github.com/google/shlex v0.0.0-20191202100458-e7afc7fbc510/go.mod h1:pupxD2MaaD3pAXIBCelhxNneeOaAeabZDe5s4K6zSpQ=
github.com/veandco/go-sdl2 v0.4.40 h1:fZv6wC3zz1Xt167P09gazawnpa0KY5LM7JAvKpX9d/U=
github.com/veandco/go-sdl2 v0.4.40/go.mod h1:OROqMhHD43nT4/i9crJukyVecjPNYYuCofep6SNiAjY=
tinygo.org/x/drivers v0.28.0 h1:ROVrGGXddmpn2+oV/Bu3LceYbtPCJckmgIqvPcN/L0k=
tinygo.org/x/drivers v0.28.0/go.mod h1:T6snsUqS0RAxOANxiV81fQwLxDDNmprxTAYzmxoA7J0=
tinygo.org/x/drivers v0.33.0 h1:5r8Ab0IxjWQi7LzYLNWpya6U4nedo9ZtxeMaAzrJTG8=
tinygo.org/x/drivers v0.33.0/go.mod h1:ZdErNrApSABdVXjA1RejD67R8SNRI6RKVfYgQDZtKtk=
tinygo.org/x/tinyfont v0.6.0 h1:GibXDSFz6xrWnEDkDRo6vsbOyRw0MVj/eza3zNHMSHs=
tinygo.org/x/tinyfont v0.6.0/go.mod h1:onflMSkpWl7r7j4MIqhPEVV39pn7yL4N3MOePl3G+G8=
